
Microsoft Visual Studio Solution File, Format Version 12.00
# Visual Studio 15
VisualStudioVersion = 15.0.27703.2026
MinimumVisualStudioVersion = 10.0.40219.1
Project("{FAE04EC0-301F-11D3-BF4B-00C04F79EFBC}") = "Rekenmachine", "Rekenmachine\Rekenmachine.csproj", "{82DFF16E-B849-4260-B51C-9800D8F5CCEB}"
EndProject
Global
	GlobalSection(SolutionConfigurationPlatforms) = preSolution
		Debug|Any CPU = Debug|Any CPU
		Release|Any CPU = Release|Any CPU
	EndGlobalSection
	GlobalSection(ProjectConfigurationPlatforms) = postSolution
		{82DFF16E-B849-4260-B51C-9800D8F5CCEB}.Debug|Any CPU.ActiveCfg = Debug|Any CPU
		{82DFF16E-B849-4260-B51C-9800D8F5CCEB}.Debug|Any CPU.Build.0 = Debug|Any CPU
		{82DFF16E-B849-4260-B51C-9800D8F5CCEB}.Release|Any CPU.ActiveCfg = Release|Any CPU
		{82DFF16E-B849-4260-B51C-9800D8F5CCEB}.Release|Any CPU.Build.0 = Release|Any CPU
	EndGlobalSection
	GlobalSection(SolutionProperties) = preSolution
		HideSolutionNode = FALSE
	EndGlobalSection
	GlobalSection(ExtensibilityGlobals) = postSolution
		SolutionGuid = {C7860082-4EF5-4617-880E-4A41B76A8C42}
	EndGlobalSection
EndGlobal
